
Microsoft Visual Studio Solution File, Format Version 12.00
# Visual Studio Version 16
VisualStudioVersion = 16.0.31025.194
MinimumVisualStudioVersion = 10.0.40219.1
Project("{8BC9CEB8-8B4A-11D0-8D11-00A0C91BC942}") = "1343", "1343\1343.vcxproj", "{70A2CC30-12D3-4B25-8FB6-685EF495799D}"
EndProject
Global
	GlobalSection(SolutionConfigurationPlatforms) = preSolution
		Debug|x64 = Debug|x64
		Debug|x86 = Debug|x86
		Release|x64 = Release|x64
		Release|x86 = Release|x86
	EndGlobalSection
	GlobalSection(ProjectConfigurationPlatforms) = postSolution
		{70A2CC30-12D3-4B25-8FB6-685EF495799D}.Debug|x64.ActiveCfg = Debug|x64
		{70A2CC30-12D3-4B25-8FB6-685EF495799D}.Debug|x64.Build.0 = Debug|x64
		{70A2CC30-12D3-4B25-8FB6-685EF495799D}.Debug|x86.ActiveCfg = Debug|Win32
		{70A2CC30-12D3-4B25-8FB6-685EF495799D}.Debug|x86.Build.0 = Debug|Win32
		{70A2CC30-12D3-4B25-8FB6-685EF495799D}.Release|x64.ActiveCfg = Release|x64
		{70A2CC30-12D3-4B25-8FB6-685EF495799D}.Release|x64.Build.0 = Release|x64
		{70A2CC30-12D3-4B25-8FB6-685EF495799D}.Release|x86.ActiveCfg = Release|Win32
		{70A2CC30-12D3-4B25-8FB6-685EF495799D}.Release|x86.Build.0 = Release|Win32
	EndGlobalSection
	GlobalSection(SolutionProperties) = preSolution
		HideSolutionNode = FALSE
	EndGlobalSection
	GlobalSection(ExtensibilityGlobals) = postSolution
		SolutionGuid = {1AFC2839-B26B-4BE4-A39B-2E30292BFB95}
	EndGlobalSection
EndGlobal
