
Microsoft Visual Studio Solution File, Format Version 12.00
# Visual Studio Version 16
VisualStudioVersion = 16.0.31025.194
MinimumVisualStudioVersion = 10.0.40219.1
Project("{8BC9CEB8-8B4A-11D0-8D11-00A0C91BC942}") = "18405", "18405\18405.vcxproj", "{43315BA5-488E-4E8F-9EB6-2EA09CCB4F4B}"
EndProject
Global
	GlobalSection(SolutionConfigurationPlatforms) = preSolution
		Debug|x64 = Debug|x64
		Debug|x86 = Debug|x86
		Release|x64 = Release|x64
		Release|x86 = Release|x86
	EndGlobalSection
	GlobalSection(ProjectConfigurationPlatforms) = postSolution
		{43315BA5-488E-4E8F-9EB6-2EA09CCB4F4B}.Debug|x64.ActiveCfg = Debug|x64
		{43315BA5-488E-4E8F-9EB6-2EA09CCB4F4B}.Debug|x64.Build.0 = Debug|x64
		{43315BA5-488E-4E8F-9EB6-2EA09CCB4F4B}.Debug|x86.ActiveCfg = Debug|Win32
		{43315BA5-488E-4E8F-9EB6-2EA09CCB4F4B}.Debug|x86.Build.0 = Debug|Win32
		{43315BA5-488E-4E8F-9EB6-2EA09CCB4F4B}.Release|x64.ActiveCfg = Release|x64
		{43315BA5-488E-4E8F-9EB6-2EA09CCB4F4B}.Release|x64.Build.0 = Release|x64
		{43315BA5-488E-4E8F-9EB6-2EA09CCB4F4B}.Release|x86.ActiveCfg = Release|Win32
		{43315BA5-488E-4E8F-9EB6-2EA09CCB4F4B}.Release|x86.Build.0 = Release|Win32
	EndGlobalSection
	GlobalSection(SolutionProperties) = preSolution
		HideSolutionNode = FALSE
	EndGlobalSection
	GlobalSection(ExtensibilityGlobals) = postSolution
		SolutionGuid = {6826A8CE-2B22-4B2D-9B24-CC7B45D67097}
	EndGlobalSection
EndGlobal
