
Microsoft Visual Studio Solution File, Format Version 12.00
# Visual Studio Version 16
VisualStudioVersion = 16.0.31025.194
MinimumVisualStudioVersion = 10.0.40219.1
Project("{8BC9CEB8-8B4A-11D0-8D11-00A0C91BC942}") = "2644", "2644\2644.vcxproj", "{20EB6C57-FEA6-4D65-B141-A51EEC49CEDC}"
EndProject
Global
	GlobalSection(SolutionConfigurationPlatforms) = preSolution
		Debug|x64 = Debug|x64
		Debug|x86 = Debug|x86
		Release|x64 = Release|x64
		Release|x86 = Release|x86
	EndGlobalSection
	GlobalSection(ProjectConfigurationPlatforms) = postSolution
		{20EB6C57-FEA6-4D65-B141-A51EEC49CEDC}.Debug|x64.ActiveCfg = Debug|x64
		{20EB6C57-FEA6-4D65-B141-A51EEC49CEDC}.Debug|x64.Build.0 = Debug|x64
		{20EB6C57-FEA6-4D65-B141-A51EEC49CEDC}.Debug|x86.ActiveCfg = Debug|Win32
		{20EB6C57-FEA6-4D65-B141-A51EEC49CEDC}.Debug|x86.Build.0 = Debug|Win32
		{20EB6C57-FEA6-4D65-B141-A51EEC49CEDC}.Release|x64.ActiveCfg = Release|x64
		{20EB6C57-FEA6-4D65-B141-A51EEC49CEDC}.Release|x64.Build.0 = Release|x64
		{20EB6C57-FEA6-4D65-B141-A51EEC49CEDC}.Release|x86.ActiveCfg = Release|Win32
		{20EB6C57-FEA6-4D65-B141-A51EEC49CEDC}.Release|x86.Build.0 = Release|Win32
	EndGlobalSection
	GlobalSection(SolutionProperties) = preSolution
		HideSolutionNode = FALSE
	EndGlobalSection
	GlobalSection(ExtensibilityGlobals) = postSolution
		SolutionGuid = {1A0DB6F5-1861-498A-9D11-24FC7291D6A5}
	EndGlobalSection
EndGlobal
