
Microsoft Visual Studio Solution File, Format Version 12.00
# Visual Studio Version 16
VisualStudioVersion = 16.0.31025.194
MinimumVisualStudioVersion = 10.0.40219.1
Project("{8BC9CEB8-8B4A-11D0-8D11-00A0C91BC942}") = "2166", "2166\2166.vcxproj", "{727FF184-3E90-4944-9E3E-0BBA2DE1934F}"
EndProject
Global
	GlobalSection(SolutionConfigurationPlatforms) = preSolution
		Debug|x64 = Debug|x64
		Debug|x86 = Debug|x86
		Release|x64 = Release|x64
		Release|x86 = Release|x86
	EndGlobalSection
	GlobalSection(ProjectConfigurationPlatforms) = postSolution
		{727FF184-3E90-4944-9E3E-0BBA2DE1934F}.Debug|x64.ActiveCfg = Debug|x64
		{727FF184-3E90-4944-9E3E-0BBA2DE1934F}.Debug|x64.Build.0 = Debug|x64
		{727FF184-3E90-4944-9E3E-0BBA2DE1934F}.Debug|x86.ActiveCfg = Debug|Win32
		{727FF184-3E90-4944-9E3E-0BBA2DE1934F}.Debug|x86.Build.0 = Debug|Win32
		{727FF184-3E90-4944-9E3E-0BBA2DE1934F}.Release|x64.ActiveCfg = Release|x64
		{727FF184-3E90-4944-9E3E-0BBA2DE1934F}.Release|x64.Build.0 = Release|x64
		{727FF184-3E90-4944-9E3E-0BBA2DE1934F}.Release|x86.ActiveCfg = Release|Win32
		{727FF184-3E90-4944-9E3E-0BBA2DE1934F}.Release|x86.Build.0 = Release|Win32
	EndGlobalSection
	GlobalSection(SolutionProperties) = preSolution
		HideSolutionNode = FALSE
	EndGlobalSection
	GlobalSection(ExtensibilityGlobals) = postSolution
		SolutionGuid = {B94577B7-0091-4976-A5E0-D16BF17C0C05}
	EndGlobalSection
EndGlobal
